
Microsoft Visual Studio Solution File, Format Version 12.00
# Visual Studio Version 16
VisualStudioVersion = 16.0.29911.84
MinimumVisualStudioVersion = 10.0.40219.1
Project("{9A19103F-16F7-4668-BE54-9A1E7A4F7556}") = "EmployeeManagement", "EmployeeManagement.csproj", "{DDEFEB25-6AC5-4263-8904-0C65A4ADF829}"
EndProject
Project("{FAE04EC0-301F-11D3-BF4B-00C04F79EFBC}") = "EmployeeManagement.UnitTest", "..\EmployeeManagement.UnitTest\EmployeeManagement.UnitTest\EmployeeManagement.UnitTest.csproj", "{594DC98C-E949-435A-A6F4-DF7E2B44F48A}"
EndProject
Global
	GlobalSection(SolutionConfigurationPlatforms) = preSolution
		Debug|Any CPU = Debug|Any CPU
		Release|Any CPU = Release|Any CPU
	EndGlobalSection
	GlobalSection(ProjectConfigurationPlatforms) = postSolution
		{DDEFEB25-6AC5-4263-8904-0C65A4ADF829}.Debug|Any CPU.ActiveCfg = Debug|Any CPU
		{DDEFEB25-6AC5-4263-8904-0C65A4ADF829}.Debug|Any CPU.Build.0 = Debug|Any CPU
		{DDEFEB25-6AC5-4263-8904-0C65A4ADF829}.Release|Any CPU.ActiveCfg = Release|Any CPU
		{DDEFEB25-6AC5-4263-8904-0C65A4ADF829}.Release|Any CPU.Build.0 = Release|Any CPU
		{594DC98C-E949-435A-A6F4-DF7E2B44F48A}.Debug|Any CPU.ActiveCfg = Debug|Any CPU
		{594DC98C-E949-435A-A6F4-DF7E2B44F48A}.Debug|Any CPU.Build.0 = Debug|Any CPU
		{594DC98C-E949-435A-A6F4-DF7E2B44F48A}.Release|Any CPU.ActiveCfg = Release|Any CPU
		{594DC98C-E949-435A-A6F4-DF7E2B44F48A}.Release|Any CPU.Build.0 = Release|Any CPU
	EndGlobalSection
	GlobalSection(SolutionProperties) = preSolution
		HideSolutionNode = FALSE
	EndGlobalSection
	GlobalSection(ExtensibilityGlobals) = postSolution
		SolutionGuid = {B36316E1-5F02-4232-953C-1BFE04394CE7}
	EndGlobalSection
EndGlobal
